// !$*UTF8*$!
{
	archiveVersion = 1;
	classes = {
	};
	objectVersion = 56;
	objects = {

/* Begin PBXBuildFile section */
		4BFA4C1F292B773000AA1270 /* AppDelegate.swift in Sources */ = {isa = PBXBuildFile; fileRef = 4BFA4C1E292B773000AA1270 /* AppDelegate.swift */; };
		4BFA4C21292B773000AA1270 /* SceneDelegate.swift in Sources */ = {isa = PBXBuildFile; fileRef = 4BFA4C20292B773000AA1270 /* SceneDelegate.swift */; };
		4BFA4C23292B773000AA1270 /* TabBarViewController.swift in Sources */ = {isa = PBXBuildFile; fileRef = 4BFA4C22292B773000AA1270 /* TabBarViewController.swift */; };
		4BFA4C28292B773100AA1270 /* Assets.xcassets in Resources */ = {isa = PBXBuildFile; fileRef = 4BFA4C27292B773100AA1270 /* Assets.xcassets */; };
		4BFA4C2B292B773100AA1270 /* LaunchScreen.storyboard in Resources */ = {isa = PBXBuildFile; fileRef = 4BFA4C29292B773100AA1270 /* LaunchScreen.storyboard */; };
		4BFA4C34292B7A0500AA1270 /* HomeViewController.swift in Sources */ = {isa = PBXBuildFile; fileRef = 4BFA4C33292B7A0500AA1270 /* HomeViewController.swift */; };
		4BFA4C36292B7A3600AA1270 /* SearchViewController.swift in Sources */ = {isa = PBXBuildFile; fileRef = 4BFA4C35292B7A3600AA1270 /* SearchViewController.swift */; };
		4BFA4C38292B7A6B00AA1270 /* UpcomingViewController.swift in Sources */ = {isa = PBXBuildFile; fileRef = 4BFA4C37292B7A6B00AA1270 /* UpcomingViewController.swift */; };
		4BFA4C3A292B7A8000AA1270 /* DownloadViewController.swift in Sources */ = {isa = PBXBuildFile; fileRef = 4BFA4C39292B7A8000AA1270 /* DownloadViewController.swift */; };
		4BFA4C40292B8E1D00AA1270 /* CollectionViewTableViewCell.swift in Sources */ = {isa = PBXBuildFile; fileRef = 4BFA4C3F292B8E1D00AA1270 /* CollectionViewTableViewCell.swift */; };
/* End PBXBuildFile section */

/* Begin PBXFileReference section */
		4BFA4C1B292B773000AA1270 /* Netflios.app */ = {isa = PBXFileReference; explicitFileType = wrapper.application; includeInIndex = 0; path = Netflios.app; sourceTree = BUILT_PRODUCTS_DIR; };
		4BFA4C1E292B773000AA1270 /* AppDelegate.swift */ = {isa = PBXFileReference; lastKnownFileType = sourcecode.swift; path = AppDelegate.swift; sourceTree = "<group>"; };
		4BFA4C20292B773000AA1270 /* SceneDelegate.swift */ = {isa = PBXFileReference; lastKnownFileType = sourcecode.swift; path = SceneDelegate.swift; sourceTree = "<group>"; };
		4BFA4C22292B773000AA1270 /* TabBarViewController.swift */ = {isa = PBXFileReference; lastKnownFileType = sourcecode.swift; path = TabBarViewController.swift; sourceTree = "<group>"; };
		4BFA4C27292B773100AA1270 /* Assets.xcassets */ = {isa = PBXFileReference; lastKnownFileType = folder.assetcatalog; path = Assets.xcassets; sourceTree = "<group>"; };
		4BFA4C2A292B773100AA1270 /* Base */ = {isa = PBXFileReference; lastKnownFileType = file.storyboard; name = Base; path = Base.lproj/LaunchScreen.storyboard; sourceTree = "<group>"; };
		4BFA4C2C292B773100AA1270 /* Info.plist */ = {isa = PBXFileReference; lastKnownFileType = text.plist.xml; path = Info.plist; sourceTree = "<group>"; };
		4BFA4C33292B7A0500AA1270 /* HomeViewController.swift */ = {isa = PBXFileReference; lastKnownFileType = sourcecode.swift; path = HomeViewController.swift; sourceTree = "<group>"; };
		4BFA4C35292B7A3600AA1270 /* SearchViewController.swift */ = {isa = PBXFileReference; lastKnownFileType = sourcecode.swift; path = SearchViewController.swift; sourceTree = "<group>"; };
		4BFA4C37292B7A6B00AA1270 /* UpcomingViewController.swift */ = {isa = PBXFileReference; lastKnownFileType = sourcecode.swift; path = UpcomingViewController.swift; sourceTree = "<group>"; };
		4BFA4C39292B7A8000AA1270 /* DownloadViewController.swift */ = {isa = PBXFileReference; lastKnownFileType = sourcecode.swift; path = DownloadViewController.swift; sourceTree = "<group>"; };
		4BFA4C3F292B8E1D00AA1270 /* CollectionViewTableViewCell.swift */ = {isa = PBXFileReference; lastKnownFileType = sourcecode.swift; name = CollectionViewTableViewCell.swift; path = ../../../linkios/linkios/CollectionViewTableViewCell.swift; sourceTree = "<group>"; };
/* End PBXFileReference section */

/* Begin PBXFrameworksBuildPhase section */
		4BFA4C18292B773000AA1270 /* Frameworks */ = {
			isa = PBXFrameworksBuildPhase;
			buildActionMask = 2147483647;
			files = (
			);
			runOnlyForDeploymentPostprocessing = 0;
		};
/* End PBXFrameworksBuildPhase section */

/* Begin PBXGroup section */
		4BFA4C12292B773000AA1270 = {
			isa = PBXGroup;
			children = (
				4BFA4C1D292B773000AA1270 /* Netflios */,
				4BFA4C1C292B773000AA1270 /* Products */,
			);
			sourceTree = "<group>";
		};
		4BFA4C1C292B773000AA1270 /* Products */ = {
			isa = PBXGroup;
			children = (
				4BFA4C1B292B773000AA1270 /* Netflios.app */,
			);
			name = Products;
			sourceTree = "<group>";
		};
		4BFA4C1D292B773000AA1270 /* Netflios */ = {
			isa = PBXGroup;
			children = (
				4BFA4C3E292B8DBD00AA1270 /* Resources */,
				4BFA4C3D292B8D9100AA1270 /* Models */,
				4BFA4C3B292B8D7A00AA1270 /* Views */,
				4BFA4C3C292B8D8900AA1270 /* ViewModels */,
				4BFA4C32292B79BF00AA1270 /* Controllers */,
				4BFA4C1E292B773000AA1270 /* AppDelegate.swift */,
				4BFA4C20292B773000AA1270 /* SceneDelegate.swift */,
				4BFA4C22292B773000AA1270 /* TabBarViewController.swift */,
				4BFA4C27292B773100AA1270 /* Assets.xcassets */,
				4BFA4C29292B773100AA1270 /* LaunchScreen.storyboard */,
				4BFA4C2C292B773100AA1270 /* Info.plist */,
			);
			path = Netflios;
			sourceTree = "<group>";
		};
		4BFA4C32292B79BF00AA1270 /* Controllers */ = {
			isa = PBXGroup;
			children = (
				4BFA4C33292B7A0500AA1270 /* HomeViewController.swift */,
				4BFA4C37292B7A6B00AA1270 /* UpcomingViewController.swift */,
				4BFA4C35292B7A3600AA1270 /* SearchViewController.swift */,
				4BFA4C39292B7A8000AA1270 /* DownloadViewController.swift */,
			);
			path = Controllers;
			sourceTree = "<group>";
		};
		4BFA4C3B292B8D7A00AA1270 /* Views */ = {
			isa = PBXGroup;
			children = (
				4BFA4C3F292B8E1D00AA1270 /* CollectionViewTableViewCell.swift */,
			);
			path = Views;
			sourceTree = "<group>";
		};
		4BFA4C3C292B8D8900AA1270 /* ViewModels */ = {
			isa = PBXGroup;
			children = (
			);
			path = ViewModels;
			sourceTree = "<group>";
		};
		4BFA4C3D292B8D9100AA1270 /* Models */ = {
			isa = PBXGroup;
			children = (
			);
			path = Models;
			sourceTree = "<group>";
		};
		4BFA4C3E292B8DBD00AA1270 /* Resources */ = {
			isa = PBXGroup;
			children = (
			);
			path = Resources;
			sourceTree = "<group>";
		};
/* End PBXGroup section */

/* Begin PBXNativeTarget section */
		4BFA4C1A292B773000AA1270 /* Netflios */ = {
			isa = PBXNativeTarget;
			buildConfigurationList = 4BFA4C2F292B773100AA1270 /* Build configuration list for PBXNativeTarget "Netflios" */;
			buildPhases = (
				4BFA4C17292B773000AA1270 /* Sources */,
				4BFA4C18292B773000AA1270 /* Frameworks */,
				4BFA4C19292B773000AA1270 /* Resources */,
			);
			buildRules = (
			);
			dependencies = (
			);
			name = Netflios;
			productName = Netflios;
			productReference = 4BFA4C1B292B773000AA1270 /* Netflios.app */;
			productType = "com.apple.product-type.application";
		};
/* End PBXNativeTarget section */

/* Begin PBXProject section */
		4BFA4C13292B773000AA1270 /* Project object */ = {
			isa = PBXProject;
			attributes = {
				BuildIndependentTargetsInParallel = 1;
				LastSwiftUpdateCheck = 1410;
				LastUpgradeCheck = 1410;
				TargetAttributes = {
					4BFA4C1A292B773000AA1270 = {
						CreatedOnToolsVersion = 14.1;
					};
				};
			};
			buildConfigurationList = 4BFA4C16292B773000AA1270 /* Build configuration list for PBXProject "Netflios" */;
			compatibilityVersion = "Xcode 14.0";
			developmentRegion = en;
			hasScannedForEncodings = 0;
			knownRegions = (
				en,
				Base,
			);
			mainGroup = 4BFA4C12292B773000AA1270;
			productRefGroup = 4BFA4C1C292B773000AA1270 /* Products */;
			projectDirPath = "";
			projectRoot = "";
			targets = (
				4BFA4C1A292B773000AA1270 /* Netflios */,
			);
		};
/* End PBXProject section */

/* Begin PBXResourcesBuildPhase section */
		4BFA4C19292B773000AA1270 /* Resources */ = {
			isa = PBXResourcesBuildPhase;
			buildActionMask = 2147483647;
			files = (
				4BFA4C2B292B773100AA1270 /* LaunchScreen.storyboard in Resources */,
				4BFA4C28292B773100AA1270 /* Assets.xcassets in Resources */,
			);
			runOnlyForDeploymentPostprocessing = 0;
		};
/* End PBXResourcesBuildPhase section */

/* Begin PBXSourcesBuildPhase section */
		4BFA4C17292B773000AA1270 /* Sources */ = {
			isa = PBXSourcesBuildPhase;
			buildActionMask = 2147483647;
			files = (
				4BFA4C38292B7A6B00AA1270 /* UpcomingViewController.swift in Sources */,
				4BFA4C36292B7A3600AA1270 /* SearchViewController.swift in Sources */,
				4BFA4C40292B8E1D00AA1270 /* CollectionViewTableViewCell.swift in Sources */,
				4BFA4C23292B773000AA1270 /* TabBarViewController.swift in Sources */,
				4BFA4C3A292B7A8000AA1270 /* DownloadViewController.swift in Sources */,
				4BFA4C1F292B773000AA1270 /* AppDelegate.swift in Sources */,
				4BFA4C21292B773000AA1270 /* SceneDelegate.swift in Sources */,
				4BFA4C34292B7A0500AA1270 /* HomeViewController.swift in Sources */,
			);
			runOnlyForDeploymentPostprocessing = 0;
		};
/* End PBXSourcesBuildPhase section */

/* Begin PBXVariantGroup section */
		4BFA4C29292B773100AA1270 /* LaunchScreen.storyboard */ = {
			isa = PBXVariantGroup;
			children = (
				4BFA4C2A292B773100AA1270 /* Base */,
			);
			name = LaunchScreen.storyboard;
			sourceTree = "<group>";
		};
/* End PBXVariantGroup section */

/* Begin XCBuildConfiguration section */
		4BFA4C2D292B773100AA1270 /* Debug */ = {
			isa = XCBuildConfiguration;
			buildSettings = {
				ALWAYS_SEARCH_USER_PATHS = NO;
				CLANG_ANALYZER_NONNULL = YES;
				CLANG_ANALYZER_NUMBER_OBJECT_CONVERSION = YES_AGGRESSIVE;
				CLANG_CXX_LANGUAGE_STANDARD = "gnu++20";
				CLANG_ENABLE_MODULES = YES;
				CLANG_ENABLE_OBJC_ARC = YES;
				CLANG_ENABLE_OBJC_WEAK = YES;
				CLANG_WARN_BLOCK_CAPTURE_AUTORELEASING = YES;
				CLANG_WARN_BOOL_CONVERSION = YES;
				CLANG_WARN_COMMA = YES;
				CLANG_WARN_CONSTANT_CONVERSION = YES;
				CLANG_WARN_DEPRECATED_OBJC_IMPLEMENTATIONS = YES;
				CLANG_WARN_DIRECT_OBJC_ISA_USAGE = YES_ERROR;
				CLANG_WARN_DOCUMENTATION_COMMENTS = YES;
				CLANG_WARN_EMPTY_BODY = YES;
				CLANG_WARN_ENUM_CONVERSION = YES;
				CLANG_WARN_INFINITE_RECURSION = YES;
				CLANG_WARN_INT_CONVERSION = YES;
				CLANG_WARN_NON_LITERAL_NULL_CONVERSION = YES;
				CLANG_WARN_OBJC_IMPLICIT_RETAIN_SELF = YES;
				CLANG_WARN_OBJC_LITERAL_CONVERSION = YES;
				CLANG_WARN_OBJC_ROOT_CLASS = YES_ERROR;
				CLANG_WARN_QUOTED_INCLUDE_IN_FRAMEWORK_HEADER = YES;
				CLANG_WARN_RANGE_LOOP_ANALYSIS = YES;
				CLANG_WARN_STRICT_PROTOTYPES = YES;
				CLANG_WARN_SUSPICIOUS_MOVE = YES;
				CLANG_WARN_UNGUARDED_AVAILABILITY = YES_AGGRESSIVE;
				CLANG_WARN_UNREACHABLE_CODE = YES;
				CLANG_WARN__DUPLICATE_METHOD_MATCH = YES;
				COPY_PHASE_STRIP = NO;
				DEBUG_INFORMATION_FORMAT = dwarf;
				ENABLE_STRICT_OBJC_MSGSEND = YES;
				ENABLE_TESTABILITY = YES;
				GCC_C_LANGUAGE_STANDARD = gnu11;
				GCC_DYNAMIC_NO_PIC = NO;
				GCC_NO_COMMON_BLOCKS = YES;
				GCC_OPTIMIZATION_LEVEL = 0;
				GCC_PREPROCESSOR_DEFINITIONS = (
					"DEBUG=1",
					"$(inherited)",
				);
				GCC_WARN_64_TO_32_BIT_CONVERSION = YES;
				GCC_WARN_ABOUT_RETURN_TYPE = YES_ERROR;
				GCC_WARN_UNDECLARED_SELECTOR = YES;
				GCC_WARN_UNINITIALIZED_AUTOS = YES_AGGRESSIVE;
				GCC_WARN_UNUSED_FUNCTION = YES;
				GCC_WARN_UNUSED_VARIABLE = YES;
				IPHONEOS_DEPLOYMENT_TARGET = 16.1;
				MTL_ENABLE_DEBUG_INFO = INCLUDE_SOURCE;
				MTL_FAST_MATH = YES;
				ONLY_ACTIVE_ARCH = YES;
				SDKROOT = iphoneos;
				SWIFT_ACTIVE_COMPILATION_CONDITIONS = DEBUG;
				SWIFT_OPTIMIZATION_LEVEL = "-Onone";
			};
			name = Debug;
		};
		4BFA4C2E292B773100AA1270 /* Release */ = {
			isa = XCBuildConfiguration;
			buildSettings = {
				ALWAYS_SEARCH_USER_PATHS = NO;
				CLANG_ANALYZER_NONNULL = YES;
				CLANG_ANALYZER_NUMBER_OBJECT_CONVERSION = YES_AGGRESSIVE;
				CLANG_CXX_LANGUAGE_STANDARD = "gnu++20";
				CLANG_ENABLE_MODULES = YES;
				CLANG_ENABLE_OBJC_ARC = YES;
				CLANG_ENABLE_OBJC_WEAK = YES;
				CLANG_WARN_BLOCK_CAPTURE_AUTORELEASING = YES;
				CLANG_WARN_BOOL_CONVERSION = YES;
				CLANG_WARN_COMMA = YES;
				CLANG_WARN_CONSTANT_CONVERSION = YES;
				CLANG_WARN_DEPRECATED_OBJC_IMPLEMENTATIONS = YES;
				CLANG_WARN_DIRECT_OBJC_ISA_USAGE = YES_ERROR;
				CLANG_WARN_DOCUMENTATION_COMMENTS = YES;
				CLANG_WARN_EMPTY_BODY = YES;
				CLANG_WARN_ENUM_CONVERSION = YES;
				CLANG_WARN_INFINITE_RECURSION = YES;
				CLANG_WARN_INT_CONVERSION = YES;
				CLANG_WARN_NON_LITERAL_NULL_CONVERSION = YES;
				CLANG_WARN_OBJC_IMPLICIT_RETAIN_SELF = YES;
				CLANG_WARN_OBJC_LITERAL_CONVERSION = YES;
				CLANG_WARN_OBJC_ROOT_CLASS = YES_ERROR;
				CLANG_WARN_QUOTED_INCLUDE_IN_FRAMEWORK_HEADER = YES;
				CLANG_WARN_RANGE_LOOP_ANALYSIS = YES;
				CLANG_WARN_STRICT_PROTOTYPES = YES;
				CLANG_WARN_SUSPICIOUS_MOVE = YES;
				CLANG_WARN_UNGUARDED_AVAILABILITY = YES_AGGRESSIVE;
				CLANG_WARN_UNREACHABLE_CODE = YES;
				CLANG_WARN__DUPLICATE_METHOD_MATCH = YES;
				COPY_PHASE_STRIP = NO;
				DEBUG_INFORMATION_FORMAT = "dwarf-with-dsym";
				ENABLE_NS_ASSERTIONS = NO;
				ENABLE_STRICT_OBJC_MSGSEND = YES;
				GCC_C_LANGUAGE_STANDARD = gnu11;
				GCC_NO_COMMON_BLOCKS = YES;
				GCC_WARN_64_TO_32_BIT_CONVERSION = YES;
				GCC_WARN_ABOUT_RETURN_TYPE = YES_ERROR;
				GCC_WARN_UNDECLARED_SELECTOR = YES;
				GCC_WARN_UNINITIALIZED_AUTOS = YES_AGGRESSIVE;
				GCC_WARN_UNUSED_FUNCTION = YES;
				GCC_WARN_UNUSED_VARIABLE = YES;
				IPHONEOS_DEPLOYMENT_TARGET = 16.1;
				MTL_ENABLE_DEBUG_INFO = NO;
				MTL_FAST_MATH = YES;
				SDKROOT = iphoneos;
				SWIFT_COMPILATION_MODE = wholemodule;
				SWIFT_OPTIMIZATION_LEVEL = "-O";
				VALIDATE_PRODUCT = YES;
			};
			name = Release;
		};
		4BFA4C30292B773100AA1270 /* Debug */ = {
			isa = XCBuildConfiguration;
			buildSettings = {
				ASSETCATALOG_COMPILER_APPICON_NAME = AppIcon;
				ASSETCATALOG_COMPILER_GLOBAL_ACCENT_COLOR_NAME = AccentColor;
				CODE_SIGN_STYLE = Automatic;
				CURRENT_PROJECT_VERSION = 1;
				GENERATE_INFOPLIST_FILE = YES;
				INFOPLIST_FILE = Netflios/Info.plist;
				INFOPLIST_KEY_UIApplicationSupportsIndirectInputEvents = YES;
				INFOPLIST_KEY_UILaunchStoryboardName = LaunchScreen;
				INFOPLIST_KEY_UISupportedInterfaceOrientations_iPad = "UIInterfaceOrientationPortrait UIInterfaceOrientationPortraitUpsideDown UIInterfaceOrientationLandscapeLeft UIInterfaceOrientationLandscapeRight";
				INFOPLIST_KEY_UISupportedInterfaceOrientations_iPhone = "UIInterfaceOrientationPortrait UIInterfaceOrientationLandscapeLeft UIInterfaceOrientationLandscapeRight";
				LD_RUNPATH_SEARCH_PATHS = (
					"$(inherited)",
					"@executable_path/Frameworks",
				);
				MARKETING_VERSION = 1.0;
				PRODUCT_BUNDLE_IDENTIFIER = zephyrus21.Netflios;
				PRODUCT_NAME = "$(TARGET_NAME)";
				SWIFT_EMIT_LOC_STRINGS = YES;
				SWIFT_VERSION = 5.0;
				TARGETED_DEVICE_FAMILY = "1,2";
			};
			name = Debug;
		};
		4BFA4C31292B773100AA1270 /* Release */ = {
			isa = XCBuildConfiguration;
			buildSettings = {
				ASSETCATALOG_COMPILER_APPICON_NAME = AppIcon;
				ASSETCATALOG_COMPILER_GLOBAL_ACCENT_COLOR_NAME = AccentColor;
				CODE_SIGN_STYLE = Automatic;
				CURRENT_PROJECT_VERSION = 1;
				GENERATE_INFOPLIST_FILE = YES;
				INFOPLIST_FILE = Netflios/Info.plist;
				INFOPLIST_KEY_UIApplicationSupportsIndirectInputEvents = YES;
				INFOPLIST_KEY_UILaunchStoryboardName = LaunchScreen;
				INFOPLIST_KEY_UISupportedInterfaceOrientations_iPad = "UIInterfaceOrientationPortrait UIInterfaceOrientationPortraitUpsideDown UIInterfaceOrientationLandscapeLeft UIInterfaceOrientationLandscapeRight";
				INFOPLIST_KEY_UISupportedInterfaceOrientations_iPhone = "UIInterfaceOrientationPortrait UIInterfaceOrientationLandscapeLeft UIInterfaceOrientationLandscapeRight";
				LD_RUNPATH_SEARCH_PATHS = (
					"$(inherited)",
					"@executable_path/Frameworks",
				);
				MARKETING_VERSION = 1.0;
				PRODUCT_BUNDLE_IDENTIFIER = zephyrus21.Netflios;
				PRODUCT_NAME = "$(TARGET_NAME)";
				SWIFT_EMIT_LOC_STRINGS = YES;
				SWIFT_VERSION = 5.0;
				TARGETED_DEVICE_FAMILY = "1,2";
			};
			name = Release;
		};
/* End XCBuildConfiguration section */

/* Begin XCConfigurationList section */
		4BFA4C16292B773000AA1270 /* Build configuration list for PBXProject "Netflios" */ = {
			isa = XCConfigurationList;
			buildConfigurations = (
				4BFA4C2D292B773100AA1270 /* Debug */,
				4BFA4C2E292B773100AA1270 /* Release */,
			);
			defaultConfigurationIsVisible = 0;
			defaultConfigurationName = Release;
		};
		4BFA4C2F292B773100AA1270 /* Build configuration list for PBXNativeTarget "Netflios" */ = {
			isa = XCConfigurationList;
			buildConfigurations = (
				4BFA4C30292B773100AA1270 /* Debug */,
				4BFA4C31292B773100AA1270 /* Release */,
			);
			defaultConfigurationIsVisible = 0;
			defaultConfigurationName = Release;
		};
/* End XCConfigurationList section */
	};
	rootObject = 4BFA4C13292B773000AA1270 /* Project object */;
}
